<?xml version="1.0" encoding="utf-8"?>
<Project ToolsVersion="4.0" xmlns="http://schemas.microsoft.com/developer/msbuild/2003">
  <ItemGroup>
    <Filter Include="Source Files">
      <UniqueIdentifier>{4FC737F1-C7A5-4376-A066-2A32D752A2FF}</UniqueIdentifier>
      <Extensions>cpp;c;cc;cxx;def;odl;idl;hpj;bat;asm;asmx</Extensions>
    </Filter>
    <Filter Include="Header Files">
      <UniqueIdentifier>{93995380-89BD-4b04-88EB-625FBE52EBFB}</UniqueIdentifier>
      <Extensions>h;hpp;hxx;hm;inl;inc;xsd</Extensions>
    </Filter>
    <Filter Include="Resource Files">
      <UniqueIdentifier>{67DA6AB6-F800-4c08-8B7A-83BB121AAD01}</UniqueIdentifier>
      <Extensions>rc;ico;cur;bmp;dlg;rc2;rct;bin;rgs;gif;jpg;jpeg;jpe;resx;tiff;tif;png;wav;mfcribbon-ms</Extensions>
    </Filter>
  </ItemGroup>
  <ItemGroup>
    <ClInclude Include="include\Face_utils.h">
      <Filter>Header Files</Filter>
    </ClInclude>
    <ClInclude Include="include\FaceAnalyser.h">
      <Filter>Header Files</Filter>
    </ClInclude>
    <ClInclude Include="include\SVM_dynamic_lin.h">
      <Filter>Header Files</Filter>
    </ClInclude>
    <ClInclude Include="include\SVM_static_lin.h">
      <Filter>Header Files</Filter>
    </ClInclude>
    <ClInclude Include="include\SVR_dynamic_lin_regressors.h">
      <Filter>Header Files</Filter>
    </ClInclude>
    <ClInclude Include="include\SVR_static_lin_regressors.h">
      <Filter>Header Files</Filter>
    </ClInclude>
    <ClInclude Include="include\FaceAnalyserParameters.h">
      <Filter>Header Files</Filter>
    </ClInclude>
    <ClInclude Include="include\stdafx_fa.h">
      <Filter>Header Files</Filter>
    </ClInclude>
  </ItemGroup>
  <ItemGroup>
    <ClCompile Include="src\Face_utils.cpp">
      <Filter>Source Files</Filter>
    </ClCompile>
    <ClCompile Include="src\FaceAnalyser.cpp">
      <Filter>Source Files</Filter>
    </ClCompile>
    <ClCompile Include="src\SVM_dynamic_lin.cpp">
      <Filter>Source Files</Filter>
    </ClCompile>
    <ClCompile Include="src\SVM_static_lin.cpp">
      <Filter>Source Files</Filter>
    </ClCompile>
    <ClCompile Include="src\SVR_dynamic_lin_regressors.cpp">
      <Filter>Source Files</Filter>
    </ClCompile>
    <ClCompile Include="src\SVR_static_lin_regressors.cpp">
      <Filter>Source Files</Filter>
    </ClCompile>
    <ClCompile Include="src\FaceAnalyserParameters.cpp">
      <Filter>Source Files</Filter>
    </ClCompile>
    <ClCompile Include="src\stdafx_fa.cpp">
      <Filter>Source Files</Filter>
    </ClCompile>
  </ItemGroup>
</Project>